// !$*UTF8*$!
{
	archiveVersion = 1;
	classes = {
	};
	objectVersion = 46;
	objects = {

/* Begin PBXBuildFile section */
		8D83EAAE1A35F21D0035EBED /* AppDelegate.m in Sources */ = {isa = PBXBuildFile; fileRef = 8D83EAAD1A35F21D0035EBED /* AppDelegate.m */; };
		8D83EAB01A35F21D0035EBED /* main.m in Sources */ = {isa = PBXBuildFile; fileRef = 8D83EAAF1A35F21D0035EBED /* main.m */; };
		8D83EAB21A35F21D0035EBED /* Images.xcassets in Resources */ = {isa = PBXBuildFile; fileRef = 8D83EAB11A35F21D0035EBED /* Images.xcassets */; };
		8D83EAB51A35F21D0035EBED /* MainMenu.xib in Resources */ = {isa = PBXBuildFile; fileRef = 8D83EAB31A35F21D0035EBED /* MainMenu.xib */; };
		8D83EAC11A35F21D0035EBED /* DisplayPhTests.m in Sources */ = {isa = PBXBuildFile; fileRef = 8D83EAC01A35F21D0035EBED /* DisplayPhTests.m */; };
		8D83EACF1A35F51B0035EBED /* WebKit.framework in Frameworks */ = {isa = PBXBuildFile; fileRef = 8D83EACE1A35F51B0035EBED /* WebKit.framework */; };
		8D83EAD21A35FA380035EBED /* jsondecoder.html in Resources */ = {isa = PBXBuildFile; fileRef = 8D83EAD11A35FA380035EBED /* jsondecoder.html */; };
/* End PBXBuildFile section */

/* Begin PBXContainerItemProxy section */
		8D83EABB1A35F21D0035EBED /* PBXContainerItemProxy */ = {
			isa = PBXContainerItemProxy;
			containerPortal = 8D83EA9F1A35F21D0035EBED /* Project object */;
			proxyType = 1;
			remoteGlobalIDString = 8D83EAA61A35F21D0035EBED;
			remoteInfo = DisplayPh;
		};
/* End PBXContainerItemProxy section */

/* Begin PBXFileReference section */
		8D83EAA71A35F21D0035EBED /* DisplayPh.app */ = {isa = PBXFileReference; explicitFileType = wrapper.application; includeInIndex = 0; path = DisplayPh.app; sourceTree = BUILT_PRODUCTS_DIR; };
		8D83EAAB1A35F21D0035EBED /* Info.plist */ = {isa = PBXFileReference; lastKnownFileType = text.plist.xml; path = Info.plist; sourceTree = "<group>"; };
		8D83EAAC1A35F21D0035EBED /* AppDelegate.h */ = {isa = PBXFileReference; lastKnownFileType = sourcecode.c.h; path = AppDelegate.h; sourceTree = "<group>"; };
		8D83EAAD1A35F21D0035EBED /* AppDelegate.m */ = {isa = PBXFileReference; lastKnownFileType = sourcecode.c.objc; path = AppDelegate.m; sourceTree = "<group>"; };
		8D83EAAF1A35F21D0035EBED /* main.m */ = {isa = PBXFileReference; lastKnownFileType = sourcecode.c.objc; path = main.m; sourceTree = "<group>"; };
		8D83EAB11A35F21D0035EBED /* Images.xcassets */ = {isa = PBXFileReference; lastKnownFileType = folder.assetcatalog; path = Images.xcassets; sourceTree = "<group>"; };
		8D83EAB41A35F21D0035EBED /* Base */ = {isa = PBXFileReference; lastKnownFileType = file.xib; name = Base; path = Base.lproj/MainMenu.xib; sourceTree = "<group>"; };
		8D83EABA1A35F21D0035EBED /* DisplayPhTests.xctest */ = {isa = PBXFileReference; explicitFileType = wrapper.cfbundle; includeInIndex = 0; path = DisplayPhTests.xctest; sourceTree = BUILT_PRODUCTS_DIR; };
		8D83EABF1A35F21D0035EBED /* Info.plist */ = {isa = PBXFileReference; lastKnownFileType = text.plist.xml; path = Info.plist; sourceTree = "<group>"; };
		8D83EAC01A35F21D0035EBED /* DisplayPhTests.m */ = {isa = PBXFileReference; lastKnownFileType = sourcecode.c.objc; path = DisplayPhTests.m; sourceTree = "<group>"; };
		8D83EACE1A35F51B0035EBED /* WebKit.framework */ = {isa = PBXFileReference; lastKnownFileType = wrapper.framework; name = WebKit.framework; path = System/Library/Frameworks/WebKit.framework; sourceTree = SDKROOT; };
		8D83EAD11A35FA380035EBED /* jsondecoder.html */ = {isa = PBXFileReference; fileEncoding = 4; lastKnownFileType = text.html; path = jsondecoder.html; sourceTree = "<group>"; };
/* End PBXFileReference section */

/* Begin PBXFrameworksBuildPhase section */
		8D83EAA41A35F21D0035EBED /* Frameworks */ = {
			isa = PBXFrameworksBuildPhase;
			buildActionMask = 2147483647;
			files = (
				8D83EACF1A35F51B0035EBED /* WebKit.framework in Frameworks */,
			);
			runOnlyForDeploymentPostprocessing = 0;
		};
		8D83EAB71A35F21D0035EBED /* Frameworks */ = {
			isa = PBXFrameworksBuildPhase;
			buildActionMask = 2147483647;
			files = (
			);
			runOnlyForDeploymentPostprocessing = 0;
		};
/* End PBXFrameworksBuildPhase section */

/* Begin PBXGroup section */
		8D83EA9E1A35F21D0035EBED = {
			isa = PBXGroup;
			children = (
				8D83EAD01A35F5270035EBED /* Frameworks */,
				8D83EAA91A35F21D0035EBED /* DisplayPh */,
				8D83EABD1A35F21D0035EBED /* DisplayPhTests */,
				8D83EAA81A35F21D0035EBED /* Products */,
			);
			sourceTree = "<group>";
		};
		8D83EAA81A35F21D0035EBED /* Products */ = {
			isa = PBXGroup;
			children = (
				8D83EAA71A35F21D0035EBED /* DisplayPh.app */,
				8D83EABA1A35F21D0035EBED /* DisplayPhTests.xctest */,
			);
			name = Products;
			sourceTree = "<group>";
		};
		8D83EAA91A35F21D0035EBED /* DisplayPh */ = {
			isa = PBXGroup;
			children = (
				8D83EAAC1A35F21D0035EBED /* AppDelegate.h */,
				8D83EAAD1A35F21D0035EBED /* AppDelegate.m */,
				8D83EAB11A35F21D0035EBED /* Images.xcassets */,
				8D83EAB31A35F21D0035EBED /* MainMenu.xib */,
				8D83EAAA1A35F21D0035EBED /* Supporting Files */,
			);
			path = DisplayPh;
			sourceTree = "<group>";
		};
		8D83EAAA1A35F21D0035EBED /* Supporting Files */ = {
			isa = PBXGroup;
			children = (
				8D83EAD11A35FA380035EBED /* jsondecoder.html */,
				8D83EAAB1A35F21D0035EBED /* Info.plist */,
				8D83EAAF1A35F21D0035EBED /* main.m */,
			);
			name = "Supporting Files";
			sourceTree = "<group>";
		};
		8D83EABD1A35F21D0035EBED /* DisplayPhTests */ = {
			isa = PBXGroup;
			children = (
				8D83EAC01A35F21D0035EBED /* DisplayPhTests.m */,
				8D83EABE1A35F21D0035EBED /* Supporting Files */,
			);
			path = DisplayPhTests;
			sourceTree = "<group>";
		};
		8D83EABE1A35F21D0035EBED /* Supporting Files */ = {
			isa = PBXGroup;
			children = (
				8D83EABF1A35F21D0035EBED /* Info.plist */,
			);
			name = "Supporting Files";
			sourceTree = "<group>";
		};
		8D83EAD01A35F5270035EBED /* Frameworks */ = {
			isa = PBXGroup;
			children = (
				8D83EACE1A35F51B0035EBED /* WebKit.framework */,
			);
			name = Frameworks;
			sourceTree = "<group>";
		};
/* End PBXGroup section */

/* Begin PBXNativeTarget section */
		8D83EAA61A35F21D0035EBED /* DisplayPh */ = {
			isa = PBXNativeTarget;
			buildConfigurationList = 8D83EAC41A35F21D0035EBED /* Build configuration list for PBXNativeTarget "DisplayPh" */;
			buildPhases = (
				8D83EAA31A35F21D0035EBED /* Sources */,
				8D83EAA41A35F21D0035EBED /* Frameworks */,
				8D83EAA51A35F21D0035EBED /* Resources */,
			);
			buildRules = (
			);
			dependencies = (
			);
			name = DisplayPh;
			productName = DisplayPh;
			productReference = 8D83EAA71A35F21D0035EBED /* DisplayPh.app */;
			productType = "com.apple.product-type.application";
		};
		8D83EAB91A35F21D0035EBED /* DisplayPhTests */ = {
			isa = PBXNativeTarget;
			buildConfigurationList = 8D83EAC71A35F21D0035EBED /* Build configuration list for PBXNativeTarget "DisplayPhTests" */;
			buildPhases = (
				8D83EAB61A35F21D0035EBED /* Sources */,
				8D83EAB71A35F21D0035EBED /* Frameworks */,
				8D83EAB81A35F21D0035EBED /* Resources */,
			);
			buildRules = (
			);
			dependencies = (
				8D83EABC1A35F21D0035EBED /* PBXTargetDependency */,
			);
			name = DisplayPhTests;
			productName = DisplayPhTests;
			productReference = 8D83EABA1A35F21D0035EBED /* DisplayPhTests.xctest */;
			productType = "com.apple.product-type.bundle.unit-test";
		};
/* End PBXNativeTarget section */

/* Begin PBXProject section */
		8D83EA9F1A35F21D0035EBED /* Project object */ = {
			isa = PBXProject;
			attributes = {
				LastUpgradeCheck = 0610;
				ORGANIZATIONNAME = "Nigel Crawley";
				TargetAttributes = {
					8D83EAA61A35F21D0035EBED = {
						CreatedOnToolsVersion = 6.1;
					};
					8D83EAB91A35F21D0035EBED = {
						CreatedOnToolsVersion = 6.1;
						TestTargetID = 8D83EAA61A35F21D0035EBED;
					};
				};
			};
			buildConfigurationList = 8D83EAA21A35F21D0035EBED /* Build configuration list for PBXProject "DisplayPh" */;
			compatibilityVersion = "Xcode 3.2";
			developmentRegion = English;
			hasScannedForEncodings = 0;
			knownRegions = (
				en,
				Base,
			);
			mainGroup = 8D83EA9E1A35F21D0035EBED;
			productRefGroup = 8D83EAA81A35F21D0035EBED /* Products */;
			projectDirPath = "";
			projectRoot = "";
			targets = (
				8D83EAA61A35F21D0035EBED /* DisplayPh */,
				8D83EAB91A35F21D0035EBED /* DisplayPhTests */,
			);
		};
/* End PBXProject section */

/* Begin PBXResourcesBuildPhase section */
		8D83EAA51A35F21D0035EBED /* Resources */ = {
			isa = PBXResourcesBuildPhase;
			buildActionMask = 2147483647;
			files = (
				8D83EAB21A35F21D0035EBED /* Images.xcassets in Resources */,
				8D83EAB51A35F21D0035EBED /* MainMenu.xib in Resources */,
				8D83EAD21A35FA380035EBED /* jsondecoder.html in Resources */,
			);
			runOnlyForDeploymentPostprocessing = 0;
		};
		8D83EAB81A35F21D0035EBED /* Resources */ = {
			isa = PBXResourcesBuildPhase;
			buildActionMask = 2147483647;
			files = (
			);
			runOnlyForDeploymentPostprocessing = 0;
		};
/* End PBXResourcesBuildPhase section */

/* Begin PBXSourcesBuildPhase section */
		8D83EAA31A35F21D0035EBED /* Sources */ = {
			isa = PBXSourcesBuildPhase;
			buildActionMask = 2147483647;
			files = (
				8D83EAB01A35F21D0035EBED /* main.m in Sources */,
				8D83EAAE1A35F21D0035EBED /* AppDelegate.m in Sources */,
			);
			runOnlyForDeploymentPostprocessing = 0;
		};
		8D83EAB61A35F21D0035EBED /* Sources */ = {
			isa = PBXSourcesBuildPhase;
			buildActionMask = 2147483647;
			files = (
				8D83EAC11A35F21D0035EBED /* DisplayPhTests.m in Sources */,
			);
			runOnlyForDeploymentPostprocessing = 0;
		};
/* End PBXSourcesBuildPhase section */

/* Begin PBXTargetDependency section */
		8D83EABC1A35F21D0035EBED /* PBXTargetDependency */ = {
			isa = PBXTargetDependency;
			target = 8D83EAA61A35F21D0035EBED /* DisplayPh */;
			targetProxy = 8D83EABB1A35F21D0035EBED /* PBXContainerItemProxy */;
		};
/* End PBXTargetDependency section */

/* Begin PBXVariantGroup section */
		8D83EAB31A35F21D0035EBED /* MainMenu.xib */ = {
			isa = PBXVariantGroup;
			children = (
				8D83EAB41A35F21D0035EBED /* Base */,
			);
			name = MainMenu.xib;
			sourceTree = "<group>";
		};
/* End PBXVariantGroup section */

/* Begin XCBuildConfiguration section */
		8D83EAC21A35F21D0035EBED /* Debug */ = {
			isa = XCBuildConfiguration;
			buildSettings = {
				ALWAYS_SEARCH_USER_PATHS = NO;
				CLANG_CXX_LANGUAGE_STANDARD = "gnu++0x";
				CLANG_CXX_LIBRARY = "libc++";
				CLANG_ENABLE_MODULES = YES;
				CLANG_ENABLE_OBJC_ARC = YES;
				CLANG_WARN_BOOL_CONVERSION = YES;
				CLANG_WARN_CONSTANT_CONVERSION = YES;
				CLANG_WARN_DIRECT_OBJC_ISA_USAGE = YES_ERROR;
				CLANG_WARN_EMPTY_BODY = YES;
				CLANG_WARN_ENUM_CONVERSION = YES;
				CLANG_WARN_INT_CONVERSION = YES;
				CLANG_WARN_OBJC_ROOT_CLASS = YES_ERROR;
				CLANG_WARN_UNREACHABLE_CODE = YES;
				CLANG_WARN__DUPLICATE_METHOD_MATCH = YES;
				CODE_SIGN_IDENTITY = "-";
				COPY_PHASE_STRIP = NO;
				ENABLE_STRICT_OBJC_MSGSEND = YES;
				GCC_C_LANGUAGE_STANDARD = gnu99;
				GCC_DYNAMIC_NO_PIC = NO;
				GCC_OPTIMIZATION_LEVEL = 0;
				GCC_PREPROCESSOR_DEFINITIONS = (
					"DEBUG=1",
					"$(inherited)",
				);
				GCC_SYMBOLS_PRIVATE_EXTERN = NO;
				GCC_WARN_64_TO_32_BIT_CONVERSION = YES;
				GCC_WARN_ABOUT_RETURN_TYPE = YES_ERROR;
				GCC_WARN_UNDECLARED_SELECTOR = YES;
				GCC_WARN_UNINITIALIZED_AUTOS = YES_AGGRESSIVE;
				GCC_WARN_UNUSED_FUNCTION = YES;
				GCC_WARN_UNUSED_VARIABLE = YES;
				MACOSX_DEPLOYMENT_TARGET = 10.10;
				MTL_ENABLE_DEBUG_INFO = YES;
				ONLY_ACTIVE_ARCH = YES;
				SDKROOT = macosx;
			};
			name = Debug;
		};
		8D83EAC31A35F21D0035EBED /* Release */ = {
			isa = XCBuildConfiguration;
			buildSettings = {
				ALWAYS_SEARCH_USER_PATHS = NO;
				CLANG_CXX_LANGUAGE_STANDARD = "gnu++0x";
				CLANG_CXX_LIBRARY = "libc++";
				CLANG_ENABLE_MODULES = YES;
				CLANG_ENABLE_OBJC_ARC = YES;
				CLANG_WARN_BOOL_CONVERSION = YES;
				CLANG_WARN_CONSTANT_CONVERSION = YES;
				CLANG_WARN_DIRECT_OBJC_ISA_USAGE = YES_ERROR;
				CLANG_WARN_EMPTY_BODY = YES;
				CLANG_WARN_ENUM_CONVERSION = YES;
				CLANG_WARN_INT_CONVERSION = YES;
				CLANG_WARN_OBJC_ROOT_CLASS = YES_ERROR;
				CLANG_WARN_UNREACHABLE_CODE = YES;
				CLANG_WARN__DUPLICATE_METHOD_MATCH = YES;
				CODE_SIGN_IDENTITY = "-";
				COPY_PHASE_STRIP = YES;
				DEBUG_INFORMATION_FORMAT = "dwarf-with-dsym";
				ENABLE_NS_ASSERTIONS = NO;
				ENABLE_STRICT_OBJC_MSGSEND = YES;
				GCC_C_LANGUAGE_STANDARD = gnu99;
				GCC_WARN_64_TO_32_BIT_CONVERSION = YES;
				GCC_WARN_ABOUT_RETURN_TYPE = YES_ERROR;
				GCC_WARN_UNDECLARED_SELECTOR = YES;
				GCC_WARN_UNINITIALIZED_AUTOS = YES_AGGRESSIVE;
				GCC_WARN_UNUSED_FUNCTION = YES;
				GCC_WARN_UNUSED_VARIABLE = YES;
				MACOSX_DEPLOYMENT_TARGET = 10.10;
				MTL_ENABLE_DEBUG_INFO = NO;
				SDKROOT = macosx;
			};
			name = Release;
		};
		8D83EAC51A35F21D0035EBED /* Debug */ = {
			isa = XCBuildConfiguration;
			buildSettings = {
				ASSETCATALOG_COMPILER_APPICON_NAME = AppIcon;
				COMBINE_HIDPI_IMAGES = YES;
				INFOPLIST_FILE = DisplayPh/Info.plist;
				LD_RUNPATH_SEARCH_PATHS = "$(inherited) @executable_path/../Frameworks";
				MACOSX_DEPLOYMENT_TARGET = 10.8;
				PRODUCT_NAME = "$(TARGET_NAME)";
			};
			name = Debug;
		};
		8D83EAC61A35F21D0035EBED /* Release */ = {
			isa = XCBuildConfiguration;
			buildSettings = {
				ASSETCATALOG_COMPILER_APPICON_NAME = AppIcon;
				COMBINE_HIDPI_IMAGES = YES;
				INFOPLIST_FILE = DisplayPh/Info.plist;
				LD_RUNPATH_SEARCH_PATHS = "$(inherited) @executable_path/../Frameworks";
				MACOSX_DEPLOYMENT_TARGET = 10.8;
				PRODUCT_NAME = "$(TARGET_NAME)";
			};
			name = Release;
		};
		8D83EAC81A35F21D0035EBED /* Debug */ = {
			isa = XCBuildConfiguration;
			buildSettings = {
				BUNDLE_LOADER = "$(TEST_HOST)";
				COMBINE_HIDPI_IMAGES = YES;
				FRAMEWORK_SEARCH_PATHS = (
					"$(DEVELOPER_FRAMEWORKS_DIR)",
					"$(inherited)",
				);
				GCC_PREPROCESSOR_DEFINITIONS = (
					"DEBUG=1",
					"$(inherited)",
				);
				INFOPLIST_FILE = DisplayPhTests/Info.plist;
				LD_RUNPATH_SEARCH_PATHS = "$(inherited) @executable_path/../Frameworks @loader_path/../Frameworks";
				PRODUCT_NAME = "$(TARGET_NAME)";
				TEST_HOST = "$(BUILT_PRODUCTS_DIR)/DisplayPh.app/Contents/MacOS/DisplayPh";
			};
			name = Debug;
		};
		8D83EAC91A35F21D0035EBED /* Release */ = {
			isa = XCBuildConfiguration;
			buildSettings = {
				BUNDLE_LOADER = "$(TEST_HOST)";
				COMBINE_HIDPI_IMAGES = YES;
				FRAMEWORK_SEARCH_PATHS = (
					"$(DEVELOPER_FRAMEWORKS_DIR)",
					"$(inherited)",
				);
				INFOPLIST_FILE = DisplayPhTests/Info.plist;
				LD_RUNPATH_SEARCH_PATHS = "$(inherited) @executable_path/../Frameworks @loader_path/../Frameworks";
				PRODUCT_NAME = "$(TARGET_NAME)";
				TEST_HOST = "$(BUILT_PRODUCTS_DIR)/DisplayPh.app/Contents/MacOS/DisplayPh";
			};
			name = Release;
		};
/* End XCBuildConfiguration section */

/* Begin XCConfigurationList section */
		8D83EAA21A35F21D0035EBED /* Build configuration list for PBXProject "DisplayPh" */ = {
			isa = XCConfigurationList;
			buildConfigurations = (
				8D83EAC21A35F21D0035EBED /* Debug */,
				8D83EAC31A35F21D0035EBED /* Release */,
			);
			defaultConfigurationIsVisible = 0;
			defaultConfigurationName = Release;
		};
		8D83EAC41A35F21D0035EBED /* Build configuration list for PBXNativeTarget "DisplayPh" */ = {
			isa = XCConfigurationList;
			buildConfigurations = (
				8D83EAC51A35F21D0035EBED /* Debug */,
				8D83EAC61A35F21D0035EBED /* Release */,
			);
			defaultConfigurationIsVisible = 0;
			defaultConfigurationName = Release;
		};
		8D83EAC71A35F21D0035EBED /* Build configuration list for PBXNativeTarget "DisplayPhTests" */ = {
			isa = XCConfigurationList;
			buildConfigurations = (
				8D83EAC81A35F21D0035EBED /* Debug */,
				8D83EAC91A35F21D0035EBED /* Release */,
			);
			defaultConfigurationIsVisible = 0;
			defaultConfigurationName = Release;
		};
/* End XCConfigurationList section */
	};
	rootObject = 8D83EA9F1A35F21D0035EBED /* Project object */;
}
